
Microsoft Visual Studio Solution File, Format Version 12.00
# Visual Studio Version 17
VisualStudioVersion = 17.0.31919.166
MinimumVisualStudioVersion = 10.0.40219.1
Project("{9A19103F-16F7-4668-BE54-9A1E7A4F7556}") = "AOC2021", "AOC2021\AOC2021.csproj", "{2387F050-1BD0-4FBF-A587-0C3D07C1D724}"
EndProject
Project("{9A19103F-16F7-4668-BE54-9A1E7A4F7556}") = "AOCLibrary", "AOCLibrary\AOCLibrary.csproj", "{7683406E-C570-4BCE-B653-4EDD8F16F917}"
EndProject
Project("{9A19103F-16F7-4668-BE54-9A1E7A4F7556}") = "AOCLibraryTests", "AOCLibraryTests\AOCLibraryTests.csproj", "{345EAD44-10A8-4B92-9E9B-55B8CA7EB98A}"
EndProject
Global
	GlobalSection(SolutionConfigurationPlatforms) = preSolution
		Debug|Any CPU = Debug|Any CPU
		Release|Any CPU = Release|Any CPU
	EndGlobalSection
	GlobalSection(ProjectConfigurationPlatforms) = postSolution
		{2387F050-1BD0-4FBF-A587-0C3D07C1D724}.Debug|Any CPU.ActiveCfg = Debug|Any CPU
		{2387F050-1BD0-4FBF-A587-0C3D07C1D724}.Debug|Any CPU.Build.0 = Debug|Any CPU
		{2387F050-1BD0-4FBF-A587-0C3D07C1D724}.Release|Any CPU.ActiveCfg = Release|Any CPU
		{2387F050-1BD0-4FBF-A587-0C3D07C1D724}.Release|Any CPU.Build.0 = Release|Any CPU
		{7683406E-C570-4BCE-B653-4EDD8F16F917}.Debug|Any CPU.ActiveCfg = Debug|Any CPU
		{7683406E-C570-4BCE-B653-4EDD8F16F917}.Debug|Any CPU.Build.0 = Debug|Any CPU
		{7683406E-C570-4BCE-B653-4EDD8F16F917}.Release|Any CPU.ActiveCfg = Release|Any CPU
		{7683406E-C570-4BCE-B653-4EDD8F16F917}.Release|Any CPU.Build.0 = Release|Any CPU
		{345EAD44-10A8-4B92-9E9B-55B8CA7EB98A}.Debug|Any CPU.ActiveCfg = Debug|Any CPU
		{345EAD44-10A8-4B92-9E9B-55B8CA7EB98A}.Debug|Any CPU.Build.0 = Debug|Any CPU
		{345EAD44-10A8-4B92-9E9B-55B8CA7EB98A}.Release|Any CPU.ActiveCfg = Release|Any CPU
		{345EAD44-10A8-4B92-9E9B-55B8CA7EB98A}.Release|Any CPU.Build.0 = Release|Any CPU
	EndGlobalSection
	GlobalSection(SolutionProperties) = preSolution
		HideSolutionNode = FALSE
	EndGlobalSection
	GlobalSection(ExtensibilityGlobals) = postSolution
		SolutionGuid = {E428ED8E-F5A7-4DD4-A64C-59CC6F383056}
	EndGlobalSection
EndGlobal
